
Microsoft Visual Studio Solution File, Format Version 12.00
# Visual Studio Version 17
VisualStudioVersion = 17.7.34031.279
MinimumVisualStudioVersion = 10.0.40219.1
Project("{FAE04EC0-301F-11D3-BF4B-00C04F79EFBC}") = "kikkl", "kikkl.csproj", "{9AA8E47D-78E3-4F8B-95D7-F96663679944}"
EndProject
Global
	GlobalSection(SolutionConfigurationPlatforms) = preSolution
		Debug|Any CPU = Debug|Any CPU
		Release|Any CPU = Release|Any CPU
	EndGlobalSection
	GlobalSection(ProjectConfigurationPlatforms) = postSolution
		{9AA8E47D-78E3-4F8B-95D7-F96663679944}.Debug|Any CPU.ActiveCfg = Debug|Any CPU
		{9AA8E47D-78E3-4F8B-95D7-F96663679944}.Debug|Any CPU.Build.0 = Debug|Any CPU
		{9AA8E47D-78E3-4F8B-95D7-F96663679944}.Release|Any CPU.ActiveCfg = Release|Any CPU
		{9AA8E47D-78E3-4F8B-95D7-F96663679944}.Release|Any CPU.Build.0 = Release|Any CPU
	EndGlobalSection
	GlobalSection(SolutionProperties) = preSolution
		HideSolutionNode = FALSE
	EndGlobalSection
	GlobalSection(ExtensibilityGlobals) = postSolution
		SolutionGuid = {9D02D1D2-CB1B-46B3-A62A-88848CE6C819}
	EndGlobalSection
EndGlobal
